
Microsoft Visual Studio Solution File, Format Version 12.00
# Visual Studio 15
VisualStudioVersion = 15.0.27004.2009
MinimumVisualStudioVersion = 10.0.40219.1
Project("{FAE04EC0-301F-11D3-BF4B-00C04F79EFBC}") = "Dashing.Wellcom.Dam", "Dashing.Wellcom.Dam\Dashing.Wellcom.Dam.csproj", "{F148D598-F6B2-4CA4-B7E1-4CDB86049BB2}"
EndProject
Global
	GlobalSection(SolutionConfigurationPlatforms) = preSolution
		Debug|Any CPU = Debug|Any CPU
		Release|Any CPU = Release|Any CPU
	EndGlobalSection
	GlobalSection(ProjectConfigurationPlatforms) = postSolution
		{F148D598-F6B2-4CA4-B7E1-4CDB86049BB2}.Debug|Any CPU.ActiveCfg = Debug|Any CPU
		{F148D598-F6B2-4CA4-B7E1-4CDB86049BB2}.Debug|Any CPU.Build.0 = Debug|Any CPU
		{F148D598-F6B2-4CA4-B7E1-4CDB86049BB2}.Release|Any CPU.ActiveCfg = Release|Any CPU
		{F148D598-F6B2-4CA4-B7E1-4CDB86049BB2}.Release|Any CPU.Build.0 = Release|Any CPU
	EndGlobalSection
	GlobalSection(SolutionProperties) = preSolution
		HideSolutionNode = FALSE
	EndGlobalSection
	GlobalSection(ExtensibilityGlobals) = postSolution
		SolutionGuid = {0BCF0B41-646B-4FB9-942D-D026A78CFDEF}
	EndGlobalSection
EndGlobal
